
Microsoft Visual Studio Solution File, Format Version 12.00
# Visual Studio Version 17
VisualStudioVersion = 17.0.31903.59
MinimumVisualStudioVersion = 10.0.40219.1
Project("{FAE04EC0-301F-11D3-BF4B-00C04F79EFBC}") = "OnePageAuthorLib", "OnePageAuthorLib\OnePageAuthorLib.csproj", "{903EA0B7-D5E1-4771-A7AB-E66B1C7CC90C}"
EndProject
Project("{FAE04EC0-301F-11D3-BF4B-00C04F79EFBC}") = "SeedAPIData", "SeedAPIData\SeedAPIData.csproj", "{5303BBA5-8FB5-469B-9C3A-BC32F46D57AB}"
EndProject
Project("{FAE04EC0-301F-11D3-BF4B-00C04F79EFBC}") = "IntegrationTestAuthorDataService", "IntegrationTestAuthorDataService\IntegrationTestAuthorDataService.csproj", "{5D2B9985-01AC-492A-AF8F-85DC3A341DF1}"
EndProject
Project("{FAE04EC0-301F-11D3-BF4B-00C04F79EFBC}") = "OnePageAuthor.Test", "OnePageAuthor.Test\OnePageAuthor.Test.csproj", "{E6AA722E-1A57-447C-A70A-50B28F0E3AAF}"
EndProject
Project("{FAE04EC0-301F-11D3-BF4B-00C04F79EFBC}") = "function-app", "function-app\function-app.csproj", "{0FCB4321-BD69-4401-961E-FB119B08F0F8}"
EndProject
Project("{FAE04EC0-301F-11D3-BF4B-00C04F79EFBC}") = "SeedLocales", "SeedLocales\SeedLocales.csproj", "{10C69F24-FCE2-429E-9EA4-0D6C714963C0}"
EndProject
Project("{FAE04EC0-301F-11D3-BF4B-00C04F79EFBC}") = "InkStainedWretchStripe", "InkStainedWretchStripe\InkStainedWretchStripe.csproj", "{59C0C343-29EB-4209-BC70-1805821AA08F}"
EndProject
Project("{FAE04EC0-301F-11D3-BF4B-00C04F79EFBC}") = "SeedInkStainedWretchesLocale", "SeedInkStainedWretchesLocale\SeedInkStainedWretchesLocale.csproj", "{38674667-FBDB-4C98-B409-49EAB6624365}"
EndProject
Project("{FAE04EC0-301F-11D3-BF4B-00C04F79EFBC}") = "InkStainedWretchFunctions", "InkStainedWretchFunctions\InkStainedWretchFunctions.csproj", "{1692AE41-4940-42EF-AAA3-2542A938E54A}"
EndProject
Global
	GlobalSection(SolutionConfigurationPlatforms) = preSolution
		Debug|Any CPU = Debug|Any CPU
		Release|Any CPU = Release|Any CPU
	EndGlobalSection
	GlobalSection(SolutionProperties) = preSolution
		HideSolutionNode = FALSE
	EndGlobalSection
	GlobalSection(ProjectConfigurationPlatforms) = postSolution
		{903EA0B7-D5E1-4771-A7AB-E66B1C7CC90C}.Debug|Any CPU.ActiveCfg = Debug|Any CPU
		{903EA0B7-D5E1-4771-A7AB-E66B1C7CC90C}.Debug|Any CPU.Build.0 = Debug|Any CPU
		{903EA0B7-D5E1-4771-A7AB-E66B1C7CC90C}.Release|Any CPU.ActiveCfg = Release|Any CPU
		{903EA0B7-D5E1-4771-A7AB-E66B1C7CC90C}.Release|Any CPU.Build.0 = Release|Any CPU
		{5303BBA5-8FB5-469B-9C3A-BC32F46D57AB}.Debug|Any CPU.ActiveCfg = Debug|Any CPU
		{5303BBA5-8FB5-469B-9C3A-BC32F46D57AB}.Debug|Any CPU.Build.0 = Debug|Any CPU
		{5303BBA5-8FB5-469B-9C3A-BC32F46D57AB}.Release|Any CPU.ActiveCfg = Release|Any CPU
		{5303BBA5-8FB5-469B-9C3A-BC32F46D57AB}.Release|Any CPU.Build.0 = Release|Any CPU
		{5D2B9985-01AC-492A-AF8F-85DC3A341DF1}.Debug|Any CPU.ActiveCfg = Debug|Any CPU
		{5D2B9985-01AC-492A-AF8F-85DC3A341DF1}.Debug|Any CPU.Build.0 = Debug|Any CPU
		{5D2B9985-01AC-492A-AF8F-85DC3A341DF1}.Release|Any CPU.ActiveCfg = Release|Any CPU
		{5D2B9985-01AC-492A-AF8F-85DC3A341DF1}.Release|Any CPU.Build.0 = Release|Any CPU
		{E6AA722E-1A57-447C-A70A-50B28F0E3AAF}.Debug|Any CPU.ActiveCfg = Debug|Any CPU
		{E6AA722E-1A57-447C-A70A-50B28F0E3AAF}.Debug|Any CPU.Build.0 = Debug|Any CPU
		{E6AA722E-1A57-447C-A70A-50B28F0E3AAF}.Release|Any CPU.ActiveCfg = Release|Any CPU
		{E6AA722E-1A57-447C-A70A-50B28F0E3AAF}.Release|Any CPU.Build.0 = Release|Any CPU
		{0FCB4321-BD69-4401-961E-FB119B08F0F8}.Debug|Any CPU.ActiveCfg = Debug|Any CPU
		{0FCB4321-BD69-4401-961E-FB119B08F0F8}.Debug|Any CPU.Build.0 = Debug|Any CPU
		{0FCB4321-BD69-4401-961E-FB119B08F0F8}.Release|Any CPU.ActiveCfg = Release|Any CPU
		{0FCB4321-BD69-4401-961E-FB119B08F0F8}.Release|Any CPU.Build.0 = Release|Any CPU
		{10C69F24-FCE2-429E-9EA4-0D6C714963C0}.Debug|Any CPU.ActiveCfg = Debug|Any CPU
		{10C69F24-FCE2-429E-9EA4-0D6C714963C0}.Debug|Any CPU.Build.0 = Debug|Any CPU
		{10C69F24-FCE2-429E-9EA4-0D6C714963C0}.Release|Any CPU.ActiveCfg = Release|Any CPU
		{10C69F24-FCE2-429E-9EA4-0D6C714963C0}.Release|Any CPU.Build.0 = Release|Any CPU
		{59C0C343-29EB-4209-BC70-1805821AA08F}.Debug|Any CPU.ActiveCfg = Debug|Any CPU
		{59C0C343-29EB-4209-BC70-1805821AA08F}.Debug|Any CPU.Build.0 = Debug|Any CPU
		{59C0C343-29EB-4209-BC70-1805821AA08F}.Release|Any CPU.ActiveCfg = Release|Any CPU
		{59C0C343-29EB-4209-BC70-1805821AA08F}.Release|Any CPU.Build.0 = Release|Any CPU
		{38674667-FBDB-4C98-B409-49EAB6624365}.Debug|Any CPU.ActiveCfg = Debug|Any CPU
		{38674667-FBDB-4C98-B409-49EAB6624365}.Debug|Any CPU.Build.0 = Debug|Any CPU
		{38674667-FBDB-4C98-B409-49EAB6624365}.Release|Any CPU.ActiveCfg = Release|Any CPU
		{38674667-FBDB-4C98-B409-49EAB6624365}.Release|Any CPU.Build.0 = Release|Any CPU
		{1692AE41-4940-42EF-AAA3-2542A938E54A}.Debug|Any CPU.ActiveCfg = Debug|Any CPU
		{1692AE41-4940-42EF-AAA3-2542A938E54A}.Debug|Any CPU.Build.0 = Debug|Any CPU
		{1692AE41-4940-42EF-AAA3-2542A938E54A}.Release|Any CPU.ActiveCfg = Release|Any CPU
		{1692AE41-4940-42EF-AAA3-2542A938E54A}.Release|Any CPU.Build.0 = Release|Any CPU
	EndGlobalSection
EndGlobal
