
Microsoft Visual Studio Solution File, Format Version 12.00
# Visual Studio Version 17
VisualStudioVersion = 17.0.31903.59
MinimumVisualStudioVersion = 10.0.40219.1
Project("{FAE04EC0-301F-11D3-BF4B-00C04F79EFBC}") = "OnePageAuthorLib", "OnePageAuthorLib\OnePageAuthorLib.csproj", "{903EA0B7-D5E1-4771-A7AB-E66B1C7CC90C}"
EndProject
Project("{FAE04EC0-301F-11D3-BF4B-00C04F79EFBC}") = "SeedAPIData", "SeedAPIData\SeedAPIData.csproj", "{5303BBA5-8FB5-469B-9C3A-BC32F46D57AB}"
EndProject
Project("{FAE04EC0-301F-11D3-BF4B-00C04F79EFBC}") = "IntegrationTestAuthorDataService", "IntegrationTestAuthorDataService\IntegrationTestAuthorDataService.csproj", "{5D2B9985-01AC-492A-AF8F-85DC3A341DF1}"
EndProject
Project("{FAE04EC0-301F-11D3-BF4B-00C04F79EFBC}") = "OnePageAuthor.Test", "OnePageAuthor.Test\OnePageAuthor.Test.csproj", "{E6AA722E-1A57-447C-A70A-50B28F0E3AAF}"
EndProject
Project("{FAE04EC0-301F-11D3-BF4B-00C04F79EFBC}") = "function-app", "function-app\function-app.csproj", "{0FCB4321-BD69-4401-961E-FB119B08F0F8}"
EndProject
Project("{FAE04EC0-301F-11D3-BF4B-00C04F79EFBC}") = "InkStainedWretchStripe", "InkStainedWretchStripe\InkStainedWretchStripe.csproj", "{59C0C343-29EB-4209-BC70-1805821AA08F}"
EndProject
Project("{FAE04EC0-301F-11D3-BF4B-00C04F79EFBC}") = "SeedInkStainedWretchesLocale", "SeedInkStainedWretchesLocale\SeedInkStainedWretchesLocale.csproj", "{38674667-FBDB-4C98-B409-49EAB6624365}"
EndProject
Project("{FAE04EC0-301F-11D3-BF4B-00C04F79EFBC}") = "InkStainedWretchFunctions", "InkStainedWretchFunctions\InkStainedWretchFunctions.csproj", "{1692AE41-4940-42EF-AAA3-2542A938E54A}"
EndProject
Project("{FAE04EC0-301F-11D3-BF4B-00C04F79EFBC}") = "ImageAPI", "ImageAPI\ImageAPI.csproj", "{A35D8FDC-F1EE-4D1B-A03E-3F490C2EB4FD}"
EndProject
Project("{FAE04EC0-301F-11D3-BF4B-00C04F79EFBC}") = "SeedImageStorageTiers", "SeedImageStorageTiers\SeedImageStorageTiers.csproj", "{B1234567-1234-4567-8901-234567890123}"
EndProject
Project("{FAE04EC0-301F-11D3-BF4B-00C04F79EFBC}") = "OnePageAuthor.DataSeeder", "OnePageAuthor.DataSeeder\OnePageAuthor.DataSeeder.csproj", "{291018C5-842B-45F5-A68F-C92761D77CF3}"
EndProject
Project("{FAE04EC0-301F-11D3-BF4B-00C04F79EFBC}") = "EntraIdRoleManager", "EntraIdRoleManager\EntraIdRoleManager.csproj", "{9C8F78F3-94A1-4C60-869E-57FCAC64A796}"
EndProject
Project("{FAE04EC0-301F-11D3-BF4B-00C04F79EFBC}") = "SeedCountries", "SeedCountries\SeedCountries.csproj", "{8EC9EC80-B30C-4EA1-ADBA-8D999CEF5FD1}"
EndProject
Global
	GlobalSection(SolutionConfigurationPlatforms) = preSolution
		Debug|Any CPU = Debug|Any CPU
		Debug|x64 = Debug|x64
		Debug|x86 = Debug|x86
		Release|Any CPU = Release|Any CPU
		Release|x64 = Release|x64
		Release|x86 = Release|x86
	EndGlobalSection
	GlobalSection(ProjectConfigurationPlatforms) = postSolution
		{903EA0B7-D5E1-4771-A7AB-E66B1C7CC90C}.Debug|Any CPU.ActiveCfg = Debug|Any CPU
		{903EA0B7-D5E1-4771-A7AB-E66B1C7CC90C}.Debug|Any CPU.Build.0 = Debug|Any CPU
		{903EA0B7-D5E1-4771-A7AB-E66B1C7CC90C}.Debug|x64.ActiveCfg = Debug|Any CPU
		{903EA0B7-D5E1-4771-A7AB-E66B1C7CC90C}.Debug|x64.Build.0 = Debug|Any CPU
		{903EA0B7-D5E1-4771-A7AB-E66B1C7CC90C}.Debug|x86.ActiveCfg = Debug|Any CPU
		{903EA0B7-D5E1-4771-A7AB-E66B1C7CC90C}.Debug|x86.Build.0 = Debug|Any CPU
		{903EA0B7-D5E1-4771-A7AB-E66B1C7CC90C}.Release|Any CPU.ActiveCfg = Release|Any CPU
		{903EA0B7-D5E1-4771-A7AB-E66B1C7CC90C}.Release|Any CPU.Build.0 = Release|Any CPU
		{903EA0B7-D5E1-4771-A7AB-E66B1C7CC90C}.Release|x64.ActiveCfg = Release|Any CPU
		{903EA0B7-D5E1-4771-A7AB-E66B1C7CC90C}.Release|x64.Build.0 = Release|Any CPU
		{903EA0B7-D5E1-4771-A7AB-E66B1C7CC90C}.Release|x86.ActiveCfg = Release|Any CPU
		{903EA0B7-D5E1-4771-A7AB-E66B1C7CC90C}.Release|x86.Build.0 = Release|Any CPU
		{5303BBA5-8FB5-469B-9C3A-BC32F46D57AB}.Debug|Any CPU.ActiveCfg = Debug|Any CPU
		{5303BBA5-8FB5-469B-9C3A-BC32F46D57AB}.Debug|Any CPU.Build.0 = Debug|Any CPU
		{5303BBA5-8FB5-469B-9C3A-BC32F46D57AB}.Debug|x64.ActiveCfg = Debug|Any CPU
		{5303BBA5-8FB5-469B-9C3A-BC32F46D57AB}.Debug|x64.Build.0 = Debug|Any CPU
		{5303BBA5-8FB5-469B-9C3A-BC32F46D57AB}.Debug|x86.ActiveCfg = Debug|Any CPU
		{5303BBA5-8FB5-469B-9C3A-BC32F46D57AB}.Debug|x86.Build.0 = Debug|Any CPU
		{5303BBA5-8FB5-469B-9C3A-BC32F46D57AB}.Release|Any CPU.ActiveCfg = Release|Any CPU
		{5303BBA5-8FB5-469B-9C3A-BC32F46D57AB}.Release|Any CPU.Build.0 = Release|Any CPU
		{5303BBA5-8FB5-469B-9C3A-BC32F46D57AB}.Release|x64.ActiveCfg = Release|Any CPU
		{5303BBA5-8FB5-469B-9C3A-BC32F46D57AB}.Release|x64.Build.0 = Release|Any CPU
		{5303BBA5-8FB5-469B-9C3A-BC32F46D57AB}.Release|x86.ActiveCfg = Release|Any CPU
		{5303BBA5-8FB5-469B-9C3A-BC32F46D57AB}.Release|x86.Build.0 = Release|Any CPU
		{5D2B9985-01AC-492A-AF8F-85DC3A341DF1}.Debug|Any CPU.ActiveCfg = Debug|Any CPU
		{5D2B9985-01AC-492A-AF8F-85DC3A341DF1}.Debug|Any CPU.Build.0 = Debug|Any CPU
		{5D2B9985-01AC-492A-AF8F-85DC3A341DF1}.Debug|x64.ActiveCfg = Debug|Any CPU
		{5D2B9985-01AC-492A-AF8F-85DC3A341DF1}.Debug|x64.Build.0 = Debug|Any CPU
		{5D2B9985-01AC-492A-AF8F-85DC3A341DF1}.Debug|x86.ActiveCfg = Debug|Any CPU
		{5D2B9985-01AC-492A-AF8F-85DC3A341DF1}.Debug|x86.Build.0 = Debug|Any CPU
		{5D2B9985-01AC-492A-AF8F-85DC3A341DF1}.Release|Any CPU.ActiveCfg = Release|Any CPU
		{5D2B9985-01AC-492A-AF8F-85DC3A341DF1}.Release|Any CPU.Build.0 = Release|Any CPU
		{5D2B9985-01AC-492A-AF8F-85DC3A341DF1}.Release|x64.ActiveCfg = Release|Any CPU
		{5D2B9985-01AC-492A-AF8F-85DC3A341DF1}.Release|x64.Build.0 = Release|Any CPU
		{5D2B9985-01AC-492A-AF8F-85DC3A341DF1}.Release|x86.ActiveCfg = Release|Any CPU
		{5D2B9985-01AC-492A-AF8F-85DC3A341DF1}.Release|x86.Build.0 = Release|Any CPU
		{E6AA722E-1A57-447C-A70A-50B28F0E3AAF}.Debug|Any CPU.ActiveCfg = Debug|Any CPU
		{E6AA722E-1A57-447C-A70A-50B28F0E3AAF}.Debug|Any CPU.Build.0 = Debug|Any CPU
		{E6AA722E-1A57-447C-A70A-50B28F0E3AAF}.Debug|x64.ActiveCfg = Debug|Any CPU
		{E6AA722E-1A57-447C-A70A-50B28F0E3AAF}.Debug|x64.Build.0 = Debug|Any CPU
		{E6AA722E-1A57-447C-A70A-50B28F0E3AAF}.Debug|x86.ActiveCfg = Debug|Any CPU
		{E6AA722E-1A57-447C-A70A-50B28F0E3AAF}.Debug|x86.Build.0 = Debug|Any CPU
		{E6AA722E-1A57-447C-A70A-50B28F0E3AAF}.Release|Any CPU.ActiveCfg = Release|Any CPU
		{E6AA722E-1A57-447C-A70A-50B28F0E3AAF}.Release|Any CPU.Build.0 = Release|Any CPU
		{E6AA722E-1A57-447C-A70A-50B28F0E3AAF}.Release|x64.ActiveCfg = Release|Any CPU
		{E6AA722E-1A57-447C-A70A-50B28F0E3AAF}.Release|x64.Build.0 = Release|Any CPU
		{E6AA722E-1A57-447C-A70A-50B28F0E3AAF}.Release|x86.ActiveCfg = Release|Any CPU
		{E6AA722E-1A57-447C-A70A-50B28F0E3AAF}.Release|x86.Build.0 = Release|Any CPU
		{0FCB4321-BD69-4401-961E-FB119B08F0F8}.Debug|Any CPU.ActiveCfg = Debug|Any CPU
		{0FCB4321-BD69-4401-961E-FB119B08F0F8}.Debug|Any CPU.Build.0 = Debug|Any CPU
		{0FCB4321-BD69-4401-961E-FB119B08F0F8}.Debug|x64.ActiveCfg = Debug|Any CPU
		{0FCB4321-BD69-4401-961E-FB119B08F0F8}.Debug|x64.Build.0 = Debug|Any CPU
		{0FCB4321-BD69-4401-961E-FB119B08F0F8}.Debug|x86.ActiveCfg = Debug|Any CPU
		{0FCB4321-BD69-4401-961E-FB119B08F0F8}.Debug|x86.Build.0 = Debug|Any CPU
		{0FCB4321-BD69-4401-961E-FB119B08F0F8}.Release|Any CPU.ActiveCfg = Release|Any CPU
		{0FCB4321-BD69-4401-961E-FB119B08F0F8}.Release|Any CPU.Build.0 = Release|Any CPU
		{0FCB4321-BD69-4401-961E-FB119B08F0F8}.Release|x64.ActiveCfg = Release|Any CPU
		{0FCB4321-BD69-4401-961E-FB119B08F0F8}.Release|x64.Build.0 = Release|Any CPU
		{0FCB4321-BD69-4401-961E-FB119B08F0F8}.Release|x86.ActiveCfg = Release|Any CPU
		{0FCB4321-BD69-4401-961E-FB119B08F0F8}.Release|x86.Build.0 = Release|Any CPU
		{59C0C343-29EB-4209-BC70-1805821AA08F}.Debug|Any CPU.ActiveCfg = Debug|Any CPU
		{59C0C343-29EB-4209-BC70-1805821AA08F}.Debug|Any CPU.Build.0 = Debug|Any CPU
		{59C0C343-29EB-4209-BC70-1805821AA08F}.Debug|x64.ActiveCfg = Debug|Any CPU
		{59C0C343-29EB-4209-BC70-1805821AA08F}.Debug|x64.Build.0 = Debug|Any CPU
		{59C0C343-29EB-4209-BC70-1805821AA08F}.Debug|x86.ActiveCfg = Debug|Any CPU
		{59C0C343-29EB-4209-BC70-1805821AA08F}.Debug|x86.Build.0 = Debug|Any CPU
		{59C0C343-29EB-4209-BC70-1805821AA08F}.Release|Any CPU.ActiveCfg = Release|Any CPU
		{59C0C343-29EB-4209-BC70-1805821AA08F}.Release|Any CPU.Build.0 = Release|Any CPU
		{59C0C343-29EB-4209-BC70-1805821AA08F}.Release|x64.ActiveCfg = Release|Any CPU
		{59C0C343-29EB-4209-BC70-1805821AA08F}.Release|x64.Build.0 = Release|Any CPU
		{59C0C343-29EB-4209-BC70-1805821AA08F}.Release|x86.ActiveCfg = Release|Any CPU
		{59C0C343-29EB-4209-BC70-1805821AA08F}.Release|x86.Build.0 = Release|Any CPU
		{38674667-FBDB-4C98-B409-49EAB6624365}.Debug|Any CPU.ActiveCfg = Debug|Any CPU
		{38674667-FBDB-4C98-B409-49EAB6624365}.Debug|Any CPU.Build.0 = Debug|Any CPU
		{38674667-FBDB-4C98-B409-49EAB6624365}.Debug|x64.ActiveCfg = Debug|Any CPU
		{38674667-FBDB-4C98-B409-49EAB6624365}.Debug|x64.Build.0 = Debug|Any CPU
		{38674667-FBDB-4C98-B409-49EAB6624365}.Debug|x86.ActiveCfg = Debug|Any CPU
		{38674667-FBDB-4C98-B409-49EAB6624365}.Debug|x86.Build.0 = Debug|Any CPU
		{38674667-FBDB-4C98-B409-49EAB6624365}.Release|Any CPU.ActiveCfg = Release|Any CPU
		{38674667-FBDB-4C98-B409-49EAB6624365}.Release|Any CPU.Build.0 = Release|Any CPU
		{38674667-FBDB-4C98-B409-49EAB6624365}.Release|x64.ActiveCfg = Release|Any CPU
		{38674667-FBDB-4C98-B409-49EAB6624365}.Release|x64.Build.0 = Release|Any CPU
		{38674667-FBDB-4C98-B409-49EAB6624365}.Release|x86.ActiveCfg = Release|Any CPU
		{38674667-FBDB-4C98-B409-49EAB6624365}.Release|x86.Build.0 = Release|Any CPU
		{1692AE41-4940-42EF-AAA3-2542A938E54A}.Debug|Any CPU.ActiveCfg = Debug|Any CPU
		{1692AE41-4940-42EF-AAA3-2542A938E54A}.Debug|Any CPU.Build.0 = Debug|Any CPU
		{1692AE41-4940-42EF-AAA3-2542A938E54A}.Debug|x64.ActiveCfg = Debug|Any CPU
		{1692AE41-4940-42EF-AAA3-2542A938E54A}.Debug|x64.Build.0 = Debug|Any CPU
		{1692AE41-4940-42EF-AAA3-2542A938E54A}.Debug|x86.ActiveCfg = Debug|Any CPU
		{1692AE41-4940-42EF-AAA3-2542A938E54A}.Debug|x86.Build.0 = Debug|Any CPU
		{1692AE41-4940-42EF-AAA3-2542A938E54A}.Release|Any CPU.ActiveCfg = Release|Any CPU
		{1692AE41-4940-42EF-AAA3-2542A938E54A}.Release|Any CPU.Build.0 = Release|Any CPU
		{1692AE41-4940-42EF-AAA3-2542A938E54A}.Release|x64.ActiveCfg = Release|Any CPU
		{1692AE41-4940-42EF-AAA3-2542A938E54A}.Release|x64.Build.0 = Release|Any CPU
		{1692AE41-4940-42EF-AAA3-2542A938E54A}.Release|x86.ActiveCfg = Release|Any CPU
		{1692AE41-4940-42EF-AAA3-2542A938E54A}.Release|x86.Build.0 = Release|Any CPU
		{A35D8FDC-F1EE-4D1B-A03E-3F490C2EB4FD}.Debug|Any CPU.ActiveCfg = Debug|Any CPU
		{A35D8FDC-F1EE-4D1B-A03E-3F490C2EB4FD}.Debug|Any CPU.Build.0 = Debug|Any CPU
		{A35D8FDC-F1EE-4D1B-A03E-3F490C2EB4FD}.Debug|x64.ActiveCfg = Debug|Any CPU
		{A35D8FDC-F1EE-4D1B-A03E-3F490C2EB4FD}.Debug|x64.Build.0 = Debug|Any CPU
		{A35D8FDC-F1EE-4D1B-A03E-3F490C2EB4FD}.Debug|x86.ActiveCfg = Debug|Any CPU
		{A35D8FDC-F1EE-4D1B-A03E-3F490C2EB4FD}.Debug|x86.Build.0 = Debug|Any CPU
		{A35D8FDC-F1EE-4D1B-A03E-3F490C2EB4FD}.Release|Any CPU.ActiveCfg = Release|Any CPU
		{A35D8FDC-F1EE-4D1B-A03E-3F490C2EB4FD}.Release|Any CPU.Build.0 = Release|Any CPU
		{A35D8FDC-F1EE-4D1B-A03E-3F490C2EB4FD}.Release|x64.ActiveCfg = Release|Any CPU
		{A35D8FDC-F1EE-4D1B-A03E-3F490C2EB4FD}.Release|x64.Build.0 = Release|Any CPU
		{A35D8FDC-F1EE-4D1B-A03E-3F490C2EB4FD}.Release|x86.ActiveCfg = Release|Any CPU
		{A35D8FDC-F1EE-4D1B-A03E-3F490C2EB4FD}.Release|x86.Build.0 = Release|Any CPU
		{B1234567-1234-4567-8901-234567890123}.Debug|Any CPU.ActiveCfg = Debug|Any CPU
		{B1234567-1234-4567-8901-234567890123}.Debug|Any CPU.Build.0 = Debug|Any CPU
		{B1234567-1234-4567-8901-234567890123}.Debug|x64.ActiveCfg = Debug|Any CPU
		{B1234567-1234-4567-8901-234567890123}.Debug|x64.Build.0 = Debug|Any CPU
		{B1234567-1234-4567-8901-234567890123}.Debug|x86.ActiveCfg = Debug|Any CPU
		{B1234567-1234-4567-8901-234567890123}.Debug|x86.Build.0 = Debug|Any CPU
		{B1234567-1234-4567-8901-234567890123}.Release|Any CPU.ActiveCfg = Release|Any CPU
		{B1234567-1234-4567-8901-234567890123}.Release|Any CPU.Build.0 = Release|Any CPU
		{B1234567-1234-4567-8901-234567890123}.Release|x64.ActiveCfg = Release|Any CPU
		{B1234567-1234-4567-8901-234567890123}.Release|x64.Build.0 = Release|Any CPU
		{B1234567-1234-4567-8901-234567890123}.Release|x86.ActiveCfg = Release|Any CPU
		{B1234567-1234-4567-8901-234567890123}.Release|x86.Build.0 = Release|Any CPU
		{291018C5-842B-45F5-A68F-C92761D77CF3}.Debug|Any CPU.ActiveCfg = Debug|Any CPU
		{291018C5-842B-45F5-A68F-C92761D77CF3}.Debug|Any CPU.Build.0 = Debug|Any CPU
		{291018C5-842B-45F5-A68F-C92761D77CF3}.Debug|x64.ActiveCfg = Debug|Any CPU
		{291018C5-842B-45F5-A68F-C92761D77CF3}.Debug|x64.Build.0 = Debug|Any CPU
		{291018C5-842B-45F5-A68F-C92761D77CF3}.Debug|x86.ActiveCfg = Debug|Any CPU
		{291018C5-842B-45F5-A68F-C92761D77CF3}.Debug|x86.Build.0 = Debug|Any CPU
		{291018C5-842B-45F5-A68F-C92761D77CF3}.Release|Any CPU.ActiveCfg = Release|Any CPU
		{291018C5-842B-45F5-A68F-C92761D77CF3}.Release|Any CPU.Build.0 = Release|Any CPU
		{291018C5-842B-45F5-A68F-C92761D77CF3}.Release|x64.ActiveCfg = Release|Any CPU
		{291018C5-842B-45F5-A68F-C92761D77CF3}.Release|x64.Build.0 = Release|Any CPU
		{291018C5-842B-45F5-A68F-C92761D77CF3}.Release|x86.ActiveCfg = Release|Any CPU
		{291018C5-842B-45F5-A68F-C92761D77CF3}.Release|x86.Build.0 = Release|Any CPU
		{9C8F78F3-94A1-4C60-869E-57FCAC64A796}.Debug|Any CPU.ActiveCfg = Debug|Any CPU
		{9C8F78F3-94A1-4C60-869E-57FCAC64A796}.Debug|Any CPU.Build.0 = Debug|Any CPU
		{9C8F78F3-94A1-4C60-869E-57FCAC64A796}.Debug|x64.ActiveCfg = Debug|Any CPU
		{9C8F78F3-94A1-4C60-869E-57FCAC64A796}.Debug|x64.Build.0 = Debug|Any CPU
		{9C8F78F3-94A1-4C60-869E-57FCAC64A796}.Debug|x86.ActiveCfg = Debug|Any CPU
		{9C8F78F3-94A1-4C60-869E-57FCAC64A796}.Debug|x86.Build.0 = Debug|Any CPU
		{9C8F78F3-94A1-4C60-869E-57FCAC64A796}.Release|Any CPU.ActiveCfg = Release|Any CPU
		{9C8F78F3-94A1-4C60-869E-57FCAC64A796}.Release|Any CPU.Build.0 = Release|Any CPU
		{9C8F78F3-94A1-4C60-869E-57FCAC64A796}.Release|x64.ActiveCfg = Release|Any CPU
		{9C8F78F3-94A1-4C60-869E-57FCAC64A796}.Release|x64.Build.0 = Release|Any CPU
		{9C8F78F3-94A1-4C60-869E-57FCAC64A796}.Release|x86.ActiveCfg = Release|Any CPU
		{9C8F78F3-94A1-4C60-869E-57FCAC64A796}.Release|x86.Build.0 = Release|Any CPU
		{8EC9EC80-B30C-4EA1-ADBA-8D999CEF5FD1}.Debug|Any CPU.ActiveCfg = Debug|Any CPU
		{8EC9EC80-B30C-4EA1-ADBA-8D999CEF5FD1}.Debug|Any CPU.Build.0 = Debug|Any CPU
		{8EC9EC80-B30C-4EA1-ADBA-8D999CEF5FD1}.Debug|x64.ActiveCfg = Debug|Any CPU
		{8EC9EC80-B30C-4EA1-ADBA-8D999CEF5FD1}.Debug|x64.Build.0 = Debug|Any CPU
		{8EC9EC80-B30C-4EA1-ADBA-8D999CEF5FD1}.Debug|x86.ActiveCfg = Debug|Any CPU
		{8EC9EC80-B30C-4EA1-ADBA-8D999CEF5FD1}.Debug|x86.Build.0 = Debug|Any CPU
		{8EC9EC80-B30C-4EA1-ADBA-8D999CEF5FD1}.Release|Any CPU.ActiveCfg = Release|Any CPU
		{8EC9EC80-B30C-4EA1-ADBA-8D999CEF5FD1}.Release|Any CPU.Build.0 = Release|Any CPU
		{8EC9EC80-B30C-4EA1-ADBA-8D999CEF5FD1}.Release|x64.ActiveCfg = Release|Any CPU
		{8EC9EC80-B30C-4EA1-ADBA-8D999CEF5FD1}.Release|x64.Build.0 = Release|Any CPU
		{8EC9EC80-B30C-4EA1-ADBA-8D999CEF5FD1}.Release|x86.ActiveCfg = Release|Any CPU
		{8EC9EC80-B30C-4EA1-ADBA-8D999CEF5FD1}.Release|x86.Build.0 = Release|Any CPU
	EndGlobalSection
	GlobalSection(SolutionProperties) = preSolution
		HideSolutionNode = FALSE
	EndGlobalSection
EndGlobal
