Microsoft Visual Studio Solution File, Format Version 12.00
# Visual Studio Version 17
VisualStudioVersion = 17.5.2.0
MinimumVisualStudioVersion = 10.0.40219.1
Project("{FAE04EC0-301F-11D3-BF4B-00C04F79EFBC}") = "GoogleDomainRegistrationTest", "GoogleDomainRegistrationTest.csproj", "{DCC0435B-7848-7C1A-707B-08F089FD0864}"
EndProject
Global
	GlobalSection(SolutionConfigurationPlatforms) = preSolution
		Debug|Any CPU = Debug|Any CPU
		Release|Any CPU = Release|Any CPU
	EndGlobalSection
	GlobalSection(ProjectConfigurationPlatforms) = postSolution
		{DCC0435B-7848-7C1A-707B-08F089FD0864}.Debug|Any CPU.ActiveCfg = Debug|Any CPU
		{DCC0435B-7848-7C1A-707B-08F089FD0864}.Debug|Any CPU.Build.0 = Debug|Any CPU
		{DCC0435B-7848-7C1A-707B-08F089FD0864}.Release|Any CPU.ActiveCfg = Release|Any CPU
		{DCC0435B-7848-7C1A-707B-08F089FD0864}.Release|Any CPU.Build.0 = Release|Any CPU
	EndGlobalSection
	GlobalSection(SolutionProperties) = preSolution
		HideSolutionNode = FALSE
	EndGlobalSection
	GlobalSection(ExtensibilityGlobals) = postSolution
		SolutionGuid = {4C013495-041C-4631-ADA4-EF80257CD97F}
	EndGlobalSection
EndGlobal
